<?xml version="1.0" encoding="utf-8"?>
<Project ToolsVersion="4.0" xmlns="http://schemas.microsoft.com/developer/msbuild/2003">
  <ItemGroup>
    <ClCompile Include="main.cpp" />
    <ClCompile Include="Book.cpp">
      <Filter>Book</Filter>
    </ClCompile>
  </ItemGroup>
  <ItemGroup>
    <Filter Include="Book">
      <UniqueIdentifier>{c8c31d3c-1895-4df6-97af-bf7f749bebea}</UniqueIdentifier>
    </Filter>
  </ItemGroup>
  <ItemGroup>
    <ClInclude Include="Book.h">
      <Filter>Book</Filter>
    </ClInclude>
  </ItemGroup>
</Project>